
Microsoft Visual Studio Solution File, Format Version 12.00
# Visual Studio 15
VisualStudioVersion = 15.0.26730.12
MinimumVisualStudioVersion = 10.0.40219.1
Project("{FAE04EC0-301F-11D3-BF4B-00C04F79EFBC}") = "Dragons-Random", "Dragons-Random\Dragons-Random.csproj", "{C07A036C-CE70-4953-B649-D19597F1C794}"
EndProject
Global
	GlobalSection(SolutionConfigurationPlatforms) = preSolution
		Debug|Any CPU = Debug|Any CPU
		Release|Any CPU = Release|Any CPU
	EndGlobalSection
	GlobalSection(ProjectConfigurationPlatforms) = postSolution
		{C07A036C-CE70-4953-B649-D19597F1C794}.Debug|Any CPU.ActiveCfg = Debug|Any CPU
		{C07A036C-CE70-4953-B649-D19597F1C794}.Debug|Any CPU.Build.0 = Debug|Any CPU
		{C07A036C-CE70-4953-B649-D19597F1C794}.Release|Any CPU.ActiveCfg = Release|Any CPU
		{C07A036C-CE70-4953-B649-D19597F1C794}.Release|Any CPU.Build.0 = Release|Any CPU
	EndGlobalSection
	GlobalSection(SolutionProperties) = preSolution
		HideSolutionNode = FALSE
	EndGlobalSection
	GlobalSection(ExtensibilityGlobals) = postSolution
		SolutionGuid = {3FFFC719-51B5-4D38-8ABC-9B429AB2855F}
	EndGlobalSection
EndGlobal
